
Microsoft Visual Studio Solution File, Format Version 12.00
# Visual Studio Version 17
VisualStudioVersion = 17.11.35327.3
MinimumVisualStudioVersion = 10.0.40219.1
Project("{FAE04EC0-301F-11D3-BF4B-00C04F79EFBC}") = "ManagementSystem.Domain", "ManagementSystem.Domain\ManagementSystem.Domain.csproj", "{71950D78-2C92-4252-AE94-90D3780078E8}"
EndProject
Project("{FAE04EC0-301F-11D3-BF4B-00C04F79EFBC}") = "ManagementSystem.Application", "ManagementSystem.Application\ManagementSystem.Application.csproj", "{FBA89B7C-7918-4FF6-9921-B8C7650B668C}"
EndProject
Project("{FAE04EC0-301F-11D3-BF4B-00C04F79EFBC}") = "ManagementSystem.Infrastructure", "ManagementSystem.Infrastructure\ManagementSystem.Infrastructure.csproj", "{495C3696-95E1-4F32-AFC6-3F972698375C}"
EndProject
Project("{FAE04EC0-301F-11D3-BF4B-00C04F79EFBC}") = "ManagementSystem.Api", "ManagementSystem.Api\ManagementSystem.Api.csproj", "{C99BC680-24DC-415B-B386-DE9989913BA0}"
EndProject
Project("{FAE04EC0-301F-11D3-BF4B-00C04F79EFBC}") = "ManagementSystem.Shared", "ManagementSystem.Shared\ManagementSystem.Shared.csproj", "{0DB9368A-6AA6-4EA2-89A8-BBE5384B1800}"
EndProject
Global
	GlobalSection(SolutionConfigurationPlatforms) = preSolution
		Debug|Any CPU = Debug|Any CPU
		Release|Any CPU = Release|Any CPU
	EndGlobalSection
	GlobalSection(ProjectConfigurationPlatforms) = postSolution
		{71950D78-2C92-4252-AE94-90D3780078E8}.Debug|Any CPU.ActiveCfg = Debug|Any CPU
		{71950D78-2C92-4252-AE94-90D3780078E8}.Debug|Any CPU.Build.0 = Debug|Any CPU
		{71950D78-2C92-4252-AE94-90D3780078E8}.Release|Any CPU.ActiveCfg = Release|Any CPU
		{71950D78-2C92-4252-AE94-90D3780078E8}.Release|Any CPU.Build.0 = Release|Any CPU
		{FBA89B7C-7918-4FF6-9921-B8C7650B668C}.Debug|Any CPU.ActiveCfg = Debug|Any CPU
		{FBA89B7C-7918-4FF6-9921-B8C7650B668C}.Debug|Any CPU.Build.0 = Debug|Any CPU
		{FBA89B7C-7918-4FF6-9921-B8C7650B668C}.Release|Any CPU.ActiveCfg = Release|Any CPU
		{FBA89B7C-7918-4FF6-9921-B8C7650B668C}.Release|Any CPU.Build.0 = Release|Any CPU
		{495C3696-95E1-4F32-AFC6-3F972698375C}.Debug|Any CPU.ActiveCfg = Debug|Any CPU
		{495C3696-95E1-4F32-AFC6-3F972698375C}.Debug|Any CPU.Build.0 = Debug|Any CPU
		{495C3696-95E1-4F32-AFC6-3F972698375C}.Release|Any CPU.ActiveCfg = Release|Any CPU
		{495C3696-95E1-4F32-AFC6-3F972698375C}.Release|Any CPU.Build.0 = Release|Any CPU
		{C99BC680-24DC-415B-B386-DE9989913BA0}.Debug|Any CPU.ActiveCfg = Debug|Any CPU
		{C99BC680-24DC-415B-B386-DE9989913BA0}.Debug|Any CPU.Build.0 = Debug|Any CPU
		{C99BC680-24DC-415B-B386-DE9989913BA0}.Release|Any CPU.ActiveCfg = Release|Any CPU
		{C99BC680-24DC-415B-B386-DE9989913BA0}.Release|Any CPU.Build.0 = Release|Any CPU
		{0DB9368A-6AA6-4EA2-89A8-BBE5384B1800}.Debug|Any CPU.ActiveCfg = Debug|Any CPU
		{0DB9368A-6AA6-4EA2-89A8-BBE5384B1800}.Debug|Any CPU.Build.0 = Debug|Any CPU
		{0DB9368A-6AA6-4EA2-89A8-BBE5384B1800}.Release|Any CPU.ActiveCfg = Release|Any CPU
		{0DB9368A-6AA6-4EA2-89A8-BBE5384B1800}.Release|Any CPU.Build.0 = Release|Any CPU
	EndGlobalSection
	GlobalSection(SolutionProperties) = preSolution
		HideSolutionNode = FALSE
	EndGlobalSection
	GlobalSection(ExtensibilityGlobals) = postSolution
		SolutionGuid = {DC8AB443-9109-40E9-AEEE-C99BF837E2AC}
	EndGlobalSection
EndGlobal
